
Microsoft Visual Studio Solution File, Format Version 12.00
# Visual Studio Version 17
VisualStudioVersion = 17.1.32328.378
MinimumVisualStudioVersion = 10.0.40219.1
Project("{FAE04EC0-301F-11D3-BF4B-00C04F79EFBC}") = "report as pdf", "report as pdf\report as pdf.csproj", "{50D4961F-8DCA-4AFC-828B-8B9537C9B015}"
EndProject
Global
	GlobalSection(SolutionConfigurationPlatforms) = preSolution
		Debug|Any CPU = Debug|Any CPU
		Release|Any CPU = Release|Any CPU
	EndGlobalSection
	GlobalSection(ProjectConfigurationPlatforms) = postSolution
		{50D4961F-8DCA-4AFC-828B-8B9537C9B015}.Debug|Any CPU.ActiveCfg = Debug|Any CPU
		{50D4961F-8DCA-4AFC-828B-8B9537C9B015}.Debug|Any CPU.Build.0 = Debug|Any CPU
		{50D4961F-8DCA-4AFC-828B-8B9537C9B015}.Release|Any CPU.ActiveCfg = Release|Any CPU
		{50D4961F-8DCA-4AFC-828B-8B9537C9B015}.Release|Any CPU.Build.0 = Release|Any CPU
	EndGlobalSection
	GlobalSection(SolutionProperties) = preSolution
		HideSolutionNode = FALSE
	EndGlobalSection
	GlobalSection(ExtensibilityGlobals) = postSolution
		SolutionGuid = {E0114324-8BDD-40F6-A8ED-0421E47034AC}
	EndGlobalSection
EndGlobal
